{"version":4,"terraform_version":"1.10.7","serial":54,"lineage":"7150f587-88cf-535d-df2f-e3ce97226f36","outputs":{"nodes_hostnames":{"value":{"master1":"k8s-master-1","worker1":"k8s-worker-1","worker2":"k8s-worker-2"},"type":["object",{"master1":"string","worker1":"string","worker2":"string"}]},"nodes_ipv4":{"value":{"master1":"192.168.22.41","worker1":"192.168.22.46","worker2":"192.168.22.47"},"type":["object",{"master1":"string","worker1":"string","worker2":"string"}]},"nodes_vmid":{"value":{"master1":4001,"worker1":4011,"worker2":4012},"type":["object",{"master1":"number","worker1":"number","worker2":"number"}]}},"resources":[{"mode":"data","type":"local_file","name":"ssh_key","provider":"provider[\"registry.opentofu.org/hashicorp/local\"]","instances":[{"schema_version":0,"attributes":{"content":"ssh-ed25519 AAAAC3NzaC1lZDI1NTE5AAAAIKFUak7U+2k827vHVx8B6hjDVcnAarR6skWcntGbH+cx devops-lab\n","content_base64":"c3NoLWVkMjU1MTkgQUFBQUMzTnphQzFsWkRJMU5URTVBQUFBSUtGVWFrN1UrMms4Mjd2SFZ4OEI2aGpEVmNuQWFyUjZza1djbnRHYkgrY3ggZGV2b3BzLWxhYgo=","content_base64sha256":"PTpYjZE2E5p35jo99ZibitSRzjgVxC2RROwfldoswgw=","content_base64sha512":"AE62mF2ODGD91xOHCIq3pWjpSjV7obFHKp7pdaCUUxjQJYz9WCzm33M8LD3mG3YkLa8jk6ebKqt+G5A9NGyFfg==","content_md5":"07d3b9998152139c542da2f501ade862","content_sha1":"b82cd8fcebd80424eeadde2286535f3949f7fbd6","content_sha256":"3d3a588d9136139a77e63a3df5989b8ad491ce3815c42d9144ec1f95da2cc20c","content_sha512":"004eb6985d8e0c60fdd71387088ab7a568e94a357ba1b1472a9ee975a0945318d0258cfd582ce6df733c2c3de61b76242daf2393a79b2aab7e1b903d346c857e","filename":"/home/iurii/.ssh/id_ed25519.pub","id":"b82cd8fcebd80424eeadde2286535f3949f7fbd6"},"sensitive_attributes":[]}]},{"module":"module.cluster","mode":"managed","type":"proxmox_virtual_environment_file","name":"cloudinit","provider":"provider[\"registry.opentofu.org/bpg/proxmox\"]","instances":[{"index_key":"master1","schema_version":0,"attributes":{"content_type":"snippets","datastore_id":"local","file_mode":null,"file_modification_date":null,"file_name":"master1.yml","file_size":null,"file_tag":null,"id":"local:snippets/master1.yml","node_name":"ve","overwrite":true,"source_file":[],"source_raw":[{"data":"#cloud-config\n\ntimezone: Europe/Moscow\n\nusers:\n  - default\n  - name: ubuntu\n    groups: [sudo]\n    shell: /bin/bash\n    ssh_authorized_keys:\n      - ssh-ed25519 AAAAC3NzaC1lZDI1NTE5AAAAIKFUak7U+2k827vHVx8B6hjDVcnAarR6skWcntGbH+cx devops-lab\n\npackage_update: true\n\npackages:\n  - qemu-guest-agent\n\nruncmd:\n  - systemctl enable --now qemu-guest-agent\n  - hostnamectl set-hostname k8s-master-1\n","file_name":"master1.yml","resize":0}],"timeout_upload":1800},"sensitive_attributes":[],"private":"bnVsbA==","dependencies":["data.local_file.ssh_key"]},{"index_key":"worker1","schema_version":0,"attributes":{"content_type":"snippets","datastore_id":"local","file_mode":null,"file_modification_date":null,"file_name":"worker1.yml","file_size":null,"file_tag":null,"id":"local:snippets/worker1.yml","node_name":"ve","overwrite":true,"source_file":[],"source_raw":[{"data":"#cloud-config\n\ntimezone: Europe/Moscow\n\nusers:\n  - default\n  - name: ubuntu\n    groups: [sudo]\n    shell: /bin/bash\n    ssh_authorized_keys:\n      - ssh-ed25519 AAAAC3NzaC1lZDI1NTE5AAAAIKFUak7U+2k827vHVx8B6hjDVcnAarR6skWcntGbH+cx devops-lab\n\npackage_update: true\n\npackages:\n  - qemu-guest-agent\n\nruncmd:\n  - systemctl enable --now qemu-guest-agent\n  - hostnamectl set-hostname k8s-worker-1\n","file_name":"worker1.yml","resize":0}],"timeout_upload":1800},"sensitive_attributes":[],"private":"bnVsbA==","dependencies":["data.local_file.ssh_key"]},{"index_key":"worker2","schema_version":0,"attributes":{"content_type":"snippets","datastore_id":"local","file_mode":null,"file_modification_date":null,"file_name":"worker2.yml","file_size":null,"file_tag":null,"id":"local:snippets/worker2.yml","node_name":"ve","overwrite":true,"source_file":[],"source_raw":[{"data":"#cloud-config\n\ntimezone: Europe/Moscow\n\nusers:\n  - default\n  - name: ubuntu\n    groups: [sudo]\n    shell: /bin/bash\n    ssh_authorized_keys:\n      - ssh-ed25519 AAAAC3NzaC1lZDI1NTE5AAAAIKFUak7U+2k827vHVx8B6hjDVcnAarR6skWcntGbH+cx devops-lab\n\npackage_update: true\n\npackages:\n  - qemu-guest-agent\n\nruncmd:\n  - systemctl enable --now qemu-guest-agent\n  - hostnamectl set-hostname k8s-worker-2\n","file_name":"worker2.yml","resize":0}],"timeout_upload":1800},"sensitive_attributes":[],"private":"bnVsbA==","dependencies":["data.local_file.ssh_key"]}]},{"module":"module.cluster","mode":"managed","type":"proxmox_virtual_environment_vm","name":"nodes","provider":"provider[\"registry.opentofu.org/bpg/proxmox\"]","instances":[{"index_key":"master1","schema_version":0,"attributes":{"acpi":true,"agent":[{"enabled":true,"timeout":"15m","trim":false,"type":"virtio"}],"amd_sev":[],"audio_device":[],"bios":"seabios","boot_order":null,"cdrom":[],"clone":[],"cpu":[{"affinity":"","architecture":"","cores":2,"flags":[],"hotplugged":0,"limit":0,"numa":false,"sockets":1,"type":"qemu64","units":100}],"delete_unreferenced_disks_on_destroy":true,"description":"","disk":[{"aio":"io_uring","backup":true,"cache":"none","datastore_id":"local-lvm","discard":"ignore","file_format":"raw","file_id":"","import_from":"local:import/ubuntu-24.qcow2","interface":"virtio0","iothread":false,"path_in_datastore":"vm-4001-disk-0","replicate":true,"serial":"","size":20,"speed":[],"ssd":false}],"efi_disk":[],"hook_script_file_id":null,"hostpci":[],"id":"4001","initialization":[{"datastore_id":"local-lvm","dns":[],"interface":"ide2","ip_config":[{"ipv4":[{"address":"192.168.22.41/24","gateway":"192.168.22.1"}],"ipv6":[]}],"meta_data_file_id":"","network_data_file_id":"","type":"","user_account":[],"user_data_file_id":"local:snippets/master1.yml","vendor_data_file_id":""}],"ipv4_addresses":[["127.0.0.1"],["192.168.22.41"]],"ipv6_addresses":[["::1"],["fe80::be24:11ff:fef1:bdb6"]],"keyboard_layout":"en-us","kvm_arguments":"","mac_addresses":["00:00:00:00:00:00","BC:24:11:F1:BD:B6"],"machine":"","memory":[{"dedicated":2048,"floating":0,"hugepages":"","keep_hugepages":false,"shared":0}],"migrate":false,"name":"k8s-master-1","network_device":[{"bridge":"vmbr0","disconnected":false,"enabled":true,"firewall":false,"mac_address":"BC:24:11:F1:BD:B6","model":"virtio","mtu":0,"queues":0,"rate_limit":0,"trunks":"","vlan_id":0}],"network_interface_names":["lo","eth0"],"node_name":"ve","numa":[],"on_boot":true,"operating_system":[],"pool_id":"","protection":false,"purge_on_destroy":true,"reboot":false,"reboot_after_update":true,"rng":[],"scsi_hardware":"virtio-scsi-pci","serial_device":[],"smbios":[],"started":true,"startup":[],"stop_on_destroy":false,"tablet_device":true,"tags":[],"template":false,"timeout_clone":1800,"timeout_create":1800,"timeout_migrate":1800,"timeout_move_disk":1800,"timeout_reboot":1800,"timeout_shutdown_vm":1800,"timeout_start_vm":1800,"timeout_stop_vm":300,"tpm_state":[],"usb":[],"vga":[],"virtiofs":[],"vm_id":4001,"watchdog":[]},"sensitive_attributes":[],"private":"bnVsbA==","dependencies":["data.local_file.ssh_key","module.cluster.proxmox_virtual_environment_file.cloudinit"]},{"index_key":"worker1","schema_version":0,"attributes":{"acpi":true,"agent":[{"enabled":true,"timeout":"15m","trim":false,"type":"virtio"}],"amd_sev":[],"audio_device":[],"bios":"seabios","boot_order":null,"cdrom":[],"clone":[],"cpu":[{"affinity":"","architecture":"","cores":2,"flags":[],"hotplugged":0,"limit":0,"numa":false,"sockets":1,"type":"qemu64","units":100}],"delete_unreferenced_disks_on_destroy":true,"description":"","disk":[{"aio":"io_uring","backup":true,"cache":"none","datastore_id":"ssd2","discard":"ignore","file_format":"qcow2","file_id":"","import_from":"local:import/ubuntu-24.qcow2","interface":"virtio0","iothread":false,"path_in_datastore":"4011/vm-4011-disk-0.qcow2","replicate":true,"serial":"","size":30,"speed":[],"ssd":false}],"efi_disk":[],"hook_script_file_id":null,"hostpci":[],"id":"4011","initialization":[{"datastore_id":"ssd2","dns":[],"interface":"ide2","ip_config":[{"ipv4":[{"address":"192.168.22.46/24","gateway":"192.168.22.1"}],"ipv6":[]}],"meta_data_file_id":"","network_data_file_id":"","type":"","user_account":[],"user_data_file_id":"local:snippets/worker1.yml","vendor_data_file_id":""}],"ipv4_addresses":[["127.0.0.1"],["192.168.22.46"]],"ipv6_addresses":[["::1"],["fe80::be24:11ff:fea4:a94d"]],"keyboard_layout":"en-us","kvm_arguments":"","mac_addresses":["00:00:00:00:00:00","BC:24:11:A4:A9:4D"],"machine":"","memory":[{"dedicated":4096,"floating":0,"hugepages":"","keep_hugepages":false,"shared":0}],"migrate":false,"name":"k8s-worker-1","network_device":[{"bridge":"vmbr0","disconnected":false,"enabled":true,"firewall":false,"mac_address":"BC:24:11:A4:A9:4D","model":"virtio","mtu":0,"queues":0,"rate_limit":0,"trunks":"","vlan_id":0}],"network_interface_names":["lo","eth0"],"node_name":"ve","numa":[],"on_boot":true,"operating_system":[],"pool_id":"","protection":false,"purge_on_destroy":true,"reboot":false,"reboot_after_update":true,"rng":[],"scsi_hardware":"virtio-scsi-pci","serial_device":[],"smbios":[],"started":true,"startup":[],"stop_on_destroy":false,"tablet_device":true,"tags":[],"template":false,"timeout_clone":1800,"timeout_create":1800,"timeout_migrate":1800,"timeout_move_disk":1800,"timeout_reboot":1800,"timeout_shutdown_vm":1800,"timeout_start_vm":1800,"timeout_stop_vm":300,"tpm_state":[],"usb":[],"vga":[],"virtiofs":[],"vm_id":4011,"watchdog":[]},"sensitive_attributes":[],"private":"bnVsbA==","dependencies":["data.local_file.ssh_key","module.cluster.proxmox_virtual_environment_file.cloudinit"]},{"index_key":"worker2","schema_version":0,"attributes":{"acpi":true,"agent":[{"enabled":true,"timeout":"15m","trim":false,"type":"virtio"}],"amd_sev":[],"audio_device":[],"bios":"seabios","boot_order":null,"cdrom":[],"clone":[],"cpu":[{"affinity":"","architecture":"","cores":2,"flags":null,"hotplugged":0,"limit":0,"numa":false,"sockets":1,"type":"qemu64","units":100}],"delete_unreferenced_disks_on_destroy":true,"description":"","disk":[{"aio":"io_uring","backup":true,"cache":"none","datastore_id":"ssd2","discard":"ignore","file_format":"qcow2","file_id":"","import_from":"local:import/ubuntu-24.qcow2","interface":"virtio0","iothread":false,"path_in_datastore":"4012/vm-4012-disk-0.qcow2","replicate":true,"serial":"","size":30,"speed":[],"ssd":false}],"efi_disk":[],"hook_script_file_id":null,"hostpci":[],"id":"4012","initialization":[{"datastore_id":"ssd2","dns":[],"interface":"ide2","ip_config":[{"ipv4":[{"address":"192.168.22.47/24","gateway":"192.168.22.1"}],"ipv6":[]}],"meta_data_file_id":"","network_data_file_id":"","type":"","user_account":[],"user_data_file_id":"local:snippets/worker2.yml","vendor_data_file_id":""}],"ipv4_addresses":[["127.0.0.1"],["192.168.22.47"]],"ipv6_addresses":[["::1"],["fe80::be24:11ff:fe88:dfac"]],"keyboard_layout":"en-us","kvm_arguments":"","mac_addresses":["00:00:00:00:00:00","BC:24:11:88:DF:AC"],"machine":"","memory":[{"dedicated":8192,"floating":0,"hugepages":"","keep_hugepages":false,"shared":0}],"migrate":false,"name":"k8s-worker-2","network_device":[{"bridge":"vmbr0","disconnected":false,"enabled":true,"firewall":false,"mac_address":"BC:24:11:88:DF:AC","model":"virtio","mtu":0,"queues":0,"rate_limit":0,"trunks":"","vlan_id":0}],"network_interface_names":["lo","eth0"],"node_name":"ve","numa":[],"on_boot":true,"operating_system":[],"pool_id":"","protection":false,"purge_on_destroy":true,"reboot":false,"reboot_after_update":true,"rng":[],"scsi_hardware":"virtio-scsi-pci","serial_device":[],"smbios":[],"started":true,"startup":[],"stop_on_destroy":false,"tablet_device":true,"tags":null,"template":false,"timeout_clone":1800,"timeout_create":1800,"timeout_migrate":1800,"timeout_move_disk":1800,"timeout_reboot":1800,"timeout_shutdown_vm":1800,"timeout_start_vm":1800,"timeout_stop_vm":300,"tpm_state":[],"usb":[],"vga":[],"virtiofs":[],"vm_id":4012,"watchdog":[]},"sensitive_attributes":[],"private":"bnVsbA==","dependencies":["data.local_file.ssh_key","module.cluster.proxmox_virtual_environment_file.cloudinit"]}]}],"check_results":null}
