{"version":4,"terraform_version":"1.10.7","serial":42,"lineage":"7150f587-88cf-535d-df2f-e3ce97226f36","outputs":{"nodes_hostnames":{"value":{"master1":"k8s-master-1","worker1":"k8s-worker-1","worker2":"k8s-worker-2"},"type":["object",{"master1":"string","worker1":"string","worker2":"string"}]},"nodes_ipv4":{"value":{"master1":[["127.0.0.1"],["192.168.22.41"]],"worker1":[["127.0.0.1"],["192.168.22.46"]],"worker2":[["127.0.0.1"],["192.168.22.47"]]},"type":["object",{"master1":["list",["list","string"]],"worker1":["list",["list","string"]],"worker2":["list",["list","string"]]}]},"nodes_vmid":{"value":{"master1":4001,"worker1":4011,"worker2":4012},"type":["object",{"master1":"number","worker1":"number","worker2":"number"}]}},"resources":[{"mode":"managed","type":"proxmox_virtual_environment_file","name":"cloudinit","provider":"provider[\"registry.opentofu.org/bpg/proxmox\"]","instances":[{"index_key":"master1","schema_version":0,"attributes":{"content_type":"snippets","datastore_id":"local","file_mode":null,"file_modification_date":null,"file_name":"master1.yml","file_size":null,"file_tag":null,"id":"local:snippets/master1.yml","node_name":"ve","overwrite":true,"source_file":[],"source_raw":[{"data":"#cloud-config\n\ntimezone: Europe/Moscow\n\nusers:\n  - default\n  - name: ubuntu\n    groups: [sudo]\n    shell: /bin/bash\n    ssh_authorized_keys:\n      - ssh-ed25519 AAAAC3NzaC1lZDI1NTE5AAAAIKFUak7U+2k827vHVx8B6hjDVcnAarR6skWcntGbH+cx devops-lab\n\npackage_update: true\n\npackages:\n  - qemu-guest-agent\n\nruncmd:\n  - systemctl enable --now qemu-guest-agent\n  - hostnamectl set-hostname k8s-master-1\n","file_name":"master1.yml","resize":0}],"timeout_upload":1800},"sensitive_attributes":[],"private":"bnVsbA=="},{"index_key":"worker1","schema_version":0,"attributes":{"content_type":"snippets","datastore_id":"local","file_mode":null,"file_modification_date":null,"file_name":"worker1.yml","file_size":null,"file_tag":null,"id":"local:snippets/worker1.yml","node_name":"ve","overwrite":true,"source_file":[],"source_raw":[{"data":"#cloud-config\n\ntimezone: Europe/Moscow\n\nusers:\n  - default\n  - name: ubuntu\n    groups: [sudo]\n    shell: /bin/bash\n    ssh_authorized_keys:\n      - ssh-ed25519 AAAAC3NzaC1lZDI1NTE5AAAAIKFUak7U+2k827vHVx8B6hjDVcnAarR6skWcntGbH+cx devops-lab\n\npackage_update: true\n\npackages:\n  - qemu-guest-agent\n\nruncmd:\n  - systemctl enable --now qemu-guest-agent\n  - hostnamectl set-hostname k8s-worker-1\n","file_name":"worker1.yml","resize":0}],"timeout_upload":1800},"sensitive_attributes":[],"private":"bnVsbA=="},{"index_key":"worker2","schema_version":0,"attributes":{"content_type":"snippets","datastore_id":"local","file_mode":null,"file_modification_date":null,"file_name":"worker2.yml","file_size":null,"file_tag":null,"id":"local:snippets/worker2.yml","node_name":"ve","overwrite":true,"source_file":[],"source_raw":[{"data":"#cloud-config\n\ntimezone: Europe/Moscow\n\nusers:\n  - default\n  - name: ubuntu\n    groups: [sudo]\n    shell: /bin/bash\n    ssh_authorized_keys:\n      - ssh-ed25519 AAAAC3NzaC1lZDI1NTE5AAAAIKFUak7U+2k827vHVx8B6hjDVcnAarR6skWcntGbH+cx devops-lab\n\npackage_update: true\n\npackages:\n  - qemu-guest-agent\n\nruncmd:\n  - systemctl enable --now qemu-guest-agent\n  - hostnamectl set-hostname k8s-worker-2\n","file_name":"worker2.yml","resize":0}],"timeout_upload":1800},"sensitive_attributes":[],"private":"bnVsbA=="}]},{"mode":"managed","type":"proxmox_virtual_environment_vm","name":"nodes","provider":"provider[\"registry.opentofu.org/bpg/proxmox\"]","instances":[{"index_key":"master1","schema_version":0,"attributes":{"acpi":true,"agent":[{"enabled":true,"timeout":"15m","trim":false,"type":"virtio"}],"amd_sev":[],"audio_device":[],"bios":"seabios","boot_order":null,"cdrom":[],"clone":[],"cpu":[{"affinity":"","architecture":"","cores":2,"flags":null,"hotplugged":0,"limit":0,"numa":false,"sockets":1,"type":"qemu64","units":100}],"delete_unreferenced_disks_on_destroy":true,"description":"","disk":[{"aio":"io_uring","backup":true,"cache":"none","datastore_id":"local-lvm","discard":"ignore","file_format":"raw","file_id":"","import_from":"local:import/ubuntu-24.qcow2","interface":"virtio0","iothread":false,"path_in_datastore":"vm-4001-disk-0","replicate":true,"serial":"","size":20,"speed":[],"ssd":false}],"efi_disk":[],"hook_script_file_id":null,"hostpci":[],"id":"4001","initialization":[{"datastore_id":"local-lvm","dns":[],"interface":"ide2","ip_config":[{"ipv4":[{"address":"192.168.22.41/24","gateway":"192.168.22.1"}],"ipv6":[]}],"meta_data_file_id":"","network_data_file_id":"","type":"","user_account":[],"user_data_file_id":"local:snippets/master1.yml","vendor_data_file_id":""}],"ipv4_addresses":[["127.0.0.1"],["192.168.22.41"]],"ipv6_addresses":[["::1"],["fe80::be24:11ff:fe05:28f8"]],"keyboard_layout":"en-us","kvm_arguments":"","mac_addresses":["00:00:00:00:00:00","BC:24:11:05:28:F8"],"machine":"","memory":[{"dedicated":2048,"floating":0,"hugepages":"","keep_hugepages":false,"shared":0}],"migrate":false,"name":"k8s-master-1","network_device":[{"bridge":"vmbr0","disconnected":false,"enabled":true,"firewall":false,"mac_address":"BC:24:11:05:28:F8","model":"virtio","mtu":0,"queues":0,"rate_limit":0,"trunks":"","vlan_id":0}],"network_interface_names":["lo","eth0"],"node_name":"ve","numa":[],"on_boot":true,"operating_system":[],"pool_id":"","protection":false,"purge_on_destroy":true,"reboot":false,"reboot_after_update":true,"rng":[],"scsi_hardware":"virtio-scsi-pci","serial_device":[],"smbios":[],"started":true,"startup":[],"stop_on_destroy":false,"tablet_device":true,"tags":null,"template":false,"timeout_clone":1800,"timeout_create":1800,"timeout_migrate":1800,"timeout_move_disk":1800,"timeout_reboot":1800,"timeout_shutdown_vm":1800,"timeout_start_vm":1800,"timeout_stop_vm":300,"tpm_state":[],"usb":[],"vga":[],"virtiofs":[],"vm_id":4001,"watchdog":[]},"sensitive_attributes":[],"private":"bnVsbA==","dependencies":["proxmox_virtual_environment_file.cloudinit"]},{"index_key":"worker1","schema_version":0,"attributes":{"acpi":true,"agent":[{"enabled":true,"timeout":"15m","trim":false,"type":"virtio"}],"amd_sev":[],"audio_device":[],"bios":"seabios","boot_order":null,"cdrom":[],"clone":[],"cpu":[{"affinity":"","architecture":"","cores":2,"flags":null,"hotplugged":0,"limit":0,"numa":false,"sockets":1,"type":"qemu64","units":100}],"delete_unreferenced_disks_on_destroy":true,"description":"","disk":[{"aio":"io_uring","backup":true,"cache":"none","datastore_id":"ssd2","discard":"ignore","file_format":"qcow2","file_id":"","import_from":"local:import/ubuntu-24.qcow2","interface":"virtio0","iothread":false,"path_in_datastore":"4011/vm-4011-disk-0.qcow2","replicate":true,"serial":"","size":30,"speed":[],"ssd":false}],"efi_disk":[],"hook_script_file_id":null,"hostpci":[],"id":"4011","initialization":[{"datastore_id":"ssd2","dns":[],"interface":"ide2","ip_config":[{"ipv4":[{"address":"192.168.22.46/24","gateway":"192.168.22.1"}],"ipv6":[]}],"meta_data_file_id":"","network_data_file_id":"","type":"","user_account":[],"user_data_file_id":"local:snippets/worker1.yml","vendor_data_file_id":""}],"ipv4_addresses":[["127.0.0.1"],["192.168.22.46"]],"ipv6_addresses":[["::1"],["fe80::be24:11ff:feff:2550"]],"keyboard_layout":"en-us","kvm_arguments":"","mac_addresses":["00:00:00:00:00:00","BC:24:11:FF:25:50"],"machine":"","memory":[{"dedicated":4096,"floating":0,"hugepages":"","keep_hugepages":false,"shared":0}],"migrate":false,"name":"k8s-worker-1","network_device":[{"bridge":"vmbr0","disconnected":false,"enabled":true,"firewall":false,"mac_address":"BC:24:11:FF:25:50","model":"virtio","mtu":0,"queues":0,"rate_limit":0,"trunks":"","vlan_id":0}],"network_interface_names":["lo","eth0"],"node_name":"ve","numa":[],"on_boot":true,"operating_system":[],"pool_id":"","protection":false,"purge_on_destroy":true,"reboot":false,"reboot_after_update":true,"rng":[],"scsi_hardware":"virtio-scsi-pci","serial_device":[],"smbios":[],"started":true,"startup":[],"stop_on_destroy":false,"tablet_device":true,"tags":null,"template":false,"timeout_clone":1800,"timeout_create":1800,"timeout_migrate":1800,"timeout_move_disk":1800,"timeout_reboot":1800,"timeout_shutdown_vm":1800,"timeout_start_vm":1800,"timeout_stop_vm":300,"tpm_state":[],"usb":[],"vga":[],"virtiofs":[],"vm_id":4011,"watchdog":[]},"sensitive_attributes":[],"private":"bnVsbA==","dependencies":["proxmox_virtual_environment_file.cloudinit"]},{"index_key":"worker2","schema_version":0,"attributes":{"acpi":true,"agent":[{"enabled":true,"timeout":"15m","trim":false,"type":"virtio"}],"amd_sev":[],"audio_device":[],"bios":"seabios","boot_order":null,"cdrom":[],"clone":[],"cpu":[{"affinity":"","architecture":"","cores":2,"flags":null,"hotplugged":0,"limit":0,"numa":false,"sockets":1,"type":"qemu64","units":100}],"delete_unreferenced_disks_on_destroy":true,"description":"","disk":[{"aio":"io_uring","backup":true,"cache":"none","datastore_id":"ssd2","discard":"ignore","file_format":"qcow2","file_id":"","import_from":"local:import/ubuntu-24.qcow2","interface":"virtio0","iothread":false,"path_in_datastore":"4012/vm-4012-disk-0.qcow2","replicate":true,"serial":"","size":30,"speed":[],"ssd":false}],"efi_disk":[],"hook_script_file_id":null,"hostpci":[],"id":"4012","initialization":[{"datastore_id":"ssd2","dns":[],"interface":"ide2","ip_config":[{"ipv4":[{"address":"192.168.22.47/24","gateway":"192.168.22.1"}],"ipv6":[]}],"meta_data_file_id":"","network_data_file_id":"","type":"","user_account":[],"user_data_file_id":"local:snippets/worker2.yml","vendor_data_file_id":""}],"ipv4_addresses":[["127.0.0.1"],["192.168.22.47"]],"ipv6_addresses":[["::1"],["fe80::be24:11ff:fec2:31c"]],"keyboard_layout":"en-us","kvm_arguments":"","mac_addresses":["00:00:00:00:00:00","BC:24:11:C2:03:1C"],"machine":"","memory":[{"dedicated":4096,"floating":0,"hugepages":"","keep_hugepages":false,"shared":0}],"migrate":false,"name":"k8s-worker-2","network_device":[{"bridge":"vmbr0","disconnected":false,"enabled":true,"firewall":false,"mac_address":"BC:24:11:C2:03:1C","model":"virtio","mtu":0,"queues":0,"rate_limit":0,"trunks":"","vlan_id":0}],"network_interface_names":["lo","eth0"],"node_name":"ve","numa":[],"on_boot":true,"operating_system":[],"pool_id":"","protection":false,"purge_on_destroy":true,"reboot":false,"reboot_after_update":true,"rng":[],"scsi_hardware":"virtio-scsi-pci","serial_device":[],"smbios":[],"started":true,"startup":[],"stop_on_destroy":false,"tablet_device":true,"tags":null,"template":false,"timeout_clone":1800,"timeout_create":1800,"timeout_migrate":1800,"timeout_move_disk":1800,"timeout_reboot":1800,"timeout_shutdown_vm":1800,"timeout_start_vm":1800,"timeout_stop_vm":300,"tpm_state":[],"usb":[],"vga":[],"virtiofs":[],"vm_id":4012,"watchdog":[]},"sensitive_attributes":[],"private":"bnVsbA==","dependencies":["proxmox_virtual_environment_file.cloudinit"]}]}],"check_results":null}
